
Microsoft Visual Studio Solution File, Format Version 12.00
# Visual Studio 15
VisualStudioVersion = 15.0.28010.2016
MinimumVisualStudioVersion = 10.0.40219.1
Project("{E24C65DC-7377-472B-9ABA-BC803B73C61A}") = "WebClient", "WebClient\", "{CA5B848B-D4E4-4845-A16F-B76CB1DCD405}"
	ProjectSection(WebsiteProperties) = preProject
		TargetFrameworkMoniker = ".NETFramework,Version%3Dv4.0"
		Debug.AspNetCompiler.VirtualPath = "/localhost_59756"
		Debug.AspNetCompiler.PhysicalPath = "WebClient\"
		Debug.AspNetCompiler.TargetPath = "PrecompiledWeb\localhost_59756\"
		Debug.AspNetCompiler.Updateable = "true"
		Debug.AspNetCompiler.ForceOverwrite = "true"
		Debug.AspNetCompiler.FixedNames = "false"
		Debug.AspNetCompiler.Debug = "True"
		Release.AspNetCompiler.VirtualPath = "/localhost_59756"
		Release.AspNetCompiler.PhysicalPath = "WebClient\"
		Release.AspNetCompiler.TargetPath = "PrecompiledWeb\localhost_59756\"
		Release.AspNetCompiler.Updateable = "true"
		Release.AspNetCompiler.ForceOverwrite = "true"
		Release.AspNetCompiler.FixedNames = "false"
		Release.AspNetCompiler.Debug = "False"
		VWDPort = "59756"
		SlnRelativePath = "WebClient\"
	EndProjectSection
EndProject
Project("{9092AA53-FB77-4645-B42D-1CCCA6BD08BD}") = "RestApiGateway", "RestApiGateway\RestApiGateway.njsproj", "{1C00D1ED-847B-4EE7-AB3B-A1CC828BC63D}"
EndProject
Global
	GlobalSection(SolutionConfigurationPlatforms) = preSolution
		Debug|Any CPU = Debug|Any CPU
		Release|Any CPU = Release|Any CPU
	EndGlobalSection
	GlobalSection(ProjectConfigurationPlatforms) = postSolution
		{CA5B848B-D4E4-4845-A16F-B76CB1DCD405}.Debug|Any CPU.ActiveCfg = Debug|Any CPU
		{CA5B848B-D4E4-4845-A16F-B76CB1DCD405}.Debug|Any CPU.Build.0 = Debug|Any CPU
		{CA5B848B-D4E4-4845-A16F-B76CB1DCD405}.Release|Any CPU.ActiveCfg = Debug|Any CPU
		{CA5B848B-D4E4-4845-A16F-B76CB1DCD405}.Release|Any CPU.Build.0 = Debug|Any CPU
		{1C00D1ED-847B-4EE7-AB3B-A1CC828BC63D}.Debug|Any CPU.ActiveCfg = Debug|Any CPU
		{1C00D1ED-847B-4EE7-AB3B-A1CC828BC63D}.Debug|Any CPU.Build.0 = Debug|Any CPU
		{1C00D1ED-847B-4EE7-AB3B-A1CC828BC63D}.Release|Any CPU.ActiveCfg = Release|Any CPU
		{1C00D1ED-847B-4EE7-AB3B-A1CC828BC63D}.Release|Any CPU.Build.0 = Release|Any CPU
	EndGlobalSection
	GlobalSection(SolutionProperties) = preSolution
		HideSolutionNode = FALSE
	EndGlobalSection
	GlobalSection(ExtensibilityGlobals) = postSolution
		SolutionGuid = {FC6DBA77-F4F6-4D8C-854E-DA164528327F}
	EndGlobalSection
EndGlobal
